
Microsoft Visual Studio Solution File, Format Version 12.00
# Visual Studio Version 16
VisualStudioVersion = 16.0.29209.62
MinimumVisualStudioVersion = 10.0.40219.1
Project("{FAE04EC0-301F-11D3-BF4B-00C04F79EFBC}") = "InterviewQuestionsLibrary", "InterviewQuestionsLibrary\InterviewQuestionsLibrary.csproj", "{8E3A77A8-68C5-4821-91B5-20B62C20219C}"
EndProject
Project("{FAE04EC0-301F-11D3-BF4B-00C04F79EFBC}") = "LibraryTesting", "LibraryTesting\LibraryTesting.csproj", "{FB66B79B-A1BE-4308-8779-3B86C4656113}"
EndProject
Global
	GlobalSection(SolutionConfigurationPlatforms) = preSolution
		Debug|Any CPU = Debug|Any CPU
		Release|Any CPU = Release|Any CPU
	EndGlobalSection
	GlobalSection(ProjectConfigurationPlatforms) = postSolution
		{8E3A77A8-68C5-4821-91B5-20B62C20219C}.Debug|Any CPU.ActiveCfg = Debug|Any CPU
		{8E3A77A8-68C5-4821-91B5-20B62C20219C}.Debug|Any CPU.Build.0 = Debug|Any CPU
		{8E3A77A8-68C5-4821-91B5-20B62C20219C}.Release|Any CPU.ActiveCfg = Release|Any CPU
		{8E3A77A8-68C5-4821-91B5-20B62C20219C}.Release|Any CPU.Build.0 = Release|Any CPU
		{FB66B79B-A1BE-4308-8779-3B86C4656113}.Debug|Any CPU.ActiveCfg = Debug|Any CPU
		{FB66B79B-A1BE-4308-8779-3B86C4656113}.Debug|Any CPU.Build.0 = Debug|Any CPU
		{FB66B79B-A1BE-4308-8779-3B86C4656113}.Release|Any CPU.ActiveCfg = Release|Any CPU
		{FB66B79B-A1BE-4308-8779-3B86C4656113}.Release|Any CPU.Build.0 = Release|Any CPU
	EndGlobalSection
	GlobalSection(SolutionProperties) = preSolution
		HideSolutionNode = FALSE
	EndGlobalSection
	GlobalSection(ExtensibilityGlobals) = postSolution
		SolutionGuid = {F75DC3B2-8ECC-41E9-A9E5-CC503EAC169B}
	EndGlobalSection
EndGlobal
